// !$*UTF8*$!
{
	archiveVersion = 1;
	classes = {
	};
	objectVersion = 77;
	objects = {

/* Begin PBXContainerItemProxy section */
		525B874F2CBEEBF500A919EC /* PBXContainerItemProxy */ = {
			isa = PBXContainerItemProxy;
			containerPortal = 525B87362CBEEBF200A919EC /* Project object */;
			proxyType = 1;
			remoteGlobalIDString = 525B873D2CBEEBF200A919EC;
			remoteInfo = PeopleProject;
		};
		525B87592CBEEBF500A919EC /* PBXContainerItemProxy */ = {
			isa = PBXContainerItemProxy;
			containerPortal = 525B87362CBEEBF200A919EC /* Project object */;
			proxyType = 1;
			remoteGlobalIDString = 525B873D2CBEEBF200A919EC;
			remoteInfo = PeopleProject;
		};
/* End PBXContainerItemProxy section */

/* Begin PBXFileReference section */
		525B873E2CBEEBF200A919EC /* PeopleProject.app */ = {isa = PBXFileReference; explicitFileType = wrapper.application; includeInIndex = 0; path = PeopleProject.app; sourceTree = BUILT_PRODUCTS_DIR; };
		525B874E2CBEEBF500A919EC /* PeopleProjectTests.xctest */ = {isa = PBXFileReference; explicitFileType = wrapper.cfbundle; includeInIndex = 0; path = PeopleProjectTests.xctest; sourceTree = BUILT_PRODUCTS_DIR; };
		525B87582CBEEBF500A919EC /* PeopleProjectUITests.xctest */ = {isa = PBXFileReference; explicitFileType = wrapper.cfbundle; includeInIndex = 0; path = PeopleProjectUITests.xctest; sourceTree = BUILT_PRODUCTS_DIR; };
/* End PBXFileReference section */

/* Begin PBXFileSystemSynchronizedBuildFileExceptionSet section */
		525B87902CBEF84000A919EC /* Exceptions for "PeopleProject" folder in "PeopleProjectTests" target */ = {
			isa = PBXFileSystemSynchronizedBuildFileExceptionSet;
			membershipExceptions = (
				Base/Mapper/StaticJSONMapper.swift,
				Base/Model/Models.swift,
				Base/Views/PillView.swift,
				Features/Details/Models/UserDetailResponse.swift,
				Features/People/Models/UsersResponse.swift,
				Features/People/Views/PeopleView.swift,
				Features/People/Views/PersonItemView.swift,
				Resources/JSON/SingleUserData.json,
				Resources/JSON/UsersStaticData.json,
				Resources/Symbols.swift,
				Resources/Theme.swift,
			);
			target = 525B874D2CBEEBF500A919EC /* PeopleProjectTests */;
		};
		525B87912CBEF84000A919EC /* Exceptions for "PeopleProject" folder in "PeopleProjectUITests" target */ = {
			isa = PBXFileSystemSynchronizedBuildFileExceptionSet;
			membershipExceptions = (
				Base/Mapper/StaticJSONMapper.swift,
				Base/Model/Models.swift,
				Base/Views/PillView.swift,
				Features/Details/Models/UserDetailResponse.swift,
				Features/People/Models/UsersResponse.swift,
				Features/People/Views/PeopleView.swift,
				Features/People/Views/PersonItemView.swift,
				Resources/JSON/SingleUserData.json,
				Resources/JSON/UsersStaticData.json,
				Resources/Symbols.swift,
				Resources/Theme.swift,
			);
			target = 525B87572CBEEBF500A919EC /* PeopleProjectUITests */;
		};
		525B87A82CBF0B2800A919EC /* Exceptions for "PeopleProject" folder in "PeopleProject" target */ = {
			isa = PBXFileSystemSynchronizedBuildFileExceptionSet;
			membershipExceptions = (
				Info.plist,
			);
			target = 525B873D2CBEEBF200A919EC /* PeopleProject */;
		};
/* End PBXFileSystemSynchronizedBuildFileExceptionSet section */

/* Begin PBXFileSystemSynchronizedRootGroup section */
		525B87402CBEEBF200A919EC /* PeopleProject */ = {
			isa = PBXFileSystemSynchronizedRootGroup;
			exceptions = (
				525B87A82CBF0B2800A919EC /* Exceptions for "PeopleProject" folder in "PeopleProject" target */,
				525B87902CBEF84000A919EC /* Exceptions for "PeopleProject" folder in "PeopleProjectTests" target */,
				525B87912CBEF84000A919EC /* Exceptions for "PeopleProject" folder in "PeopleProjectUITests" target */,
			);
			path = PeopleProject;
			sourceTree = "<group>";
		};
		525B87512CBEEBF500A919EC /* PeopleProjectTests */ = {
			isa = PBXFileSystemSynchronizedRootGroup;
			path = PeopleProjectTests;
			sourceTree = "<group>";
		};
		525B875B2CBEEBF500A919EC /* PeopleProjectUITests */ = {
			isa = PBXFileSystemSynchronizedRootGroup;
			path = PeopleProjectUITests;
			sourceTree = "<group>";
		};
/* End PBXFileSystemSynchronizedRootGroup section */

/* Begin PBXFrameworksBuildPhase section */
		525B873B2CBEEBF200A919EC /* Frameworks */ = {
			isa = PBXFrameworksBuildPhase;
			buildActionMask = 2147483647;
			files = (
			);
			runOnlyForDeploymentPostprocessing = 0;
		};
		525B874B2CBEEBF500A919EC /* Frameworks */ = {
			isa = PBXFrameworksBuildPhase;
			buildActionMask = 2147483647;
			files = (
			);
			runOnlyForDeploymentPostprocessing = 0;
		};
		525B87552CBEEBF500A919EC /* Frameworks */ = {
			isa = PBXFrameworksBuildPhase;
			buildActionMask = 2147483647;
			files = (
			);
			runOnlyForDeploymentPostprocessing = 0;
		};
/* End PBXFrameworksBuildPhase section */

/* Begin PBXGroup section */
		525B87352CBEEBF200A919EC = {
			isa = PBXGroup;
			children = (
				525B87402CBEEBF200A919EC /* PeopleProject */,
				525B87512CBEEBF500A919EC /* PeopleProjectTests */,
				525B875B2CBEEBF500A919EC /* PeopleProjectUITests */,
				525B873F2CBEEBF200A919EC /* Products */,
			);
			sourceTree = "<group>";
		};
		525B873F2CBEEBF200A919EC /* Products */ = {
			isa = PBXGroup;
			children = (
				525B873E2CBEEBF200A919EC /* PeopleProject.app */,
				525B874E2CBEEBF500A919EC /* PeopleProjectTests.xctest */,
				525B87582CBEEBF500A919EC /* PeopleProjectUITests.xctest */,
			);
			name = Products;
			sourceTree = "<group>";
		};
/* End PBXGroup section */

/* Begin PBXNativeTarget section */
		525B873D2CBEEBF200A919EC /* PeopleProject */ = {
			isa = PBXNativeTarget;
			buildConfigurationList = 525B87622CBEEBF500A919EC /* Build configuration list for PBXNativeTarget "PeopleProject" */;
			buildPhases = (
				525B873A2CBEEBF200A919EC /* Sources */,
				525B873B2CBEEBF200A919EC /* Frameworks */,
				525B873C2CBEEBF200A919EC /* Resources */,
			);
			buildRules = (
			);
			dependencies = (
			);
			fileSystemSynchronizedGroups = (
				525B87402CBEEBF200A919EC /* PeopleProject */,
			);
			name = PeopleProject;
			packageProductDependencies = (
			);
			productName = PeopleProject;
			productReference = 525B873E2CBEEBF200A919EC /* PeopleProject.app */;
			productType = "com.apple.product-type.application";
		};
		525B874D2CBEEBF500A919EC /* PeopleProjectTests */ = {
			isa = PBXNativeTarget;
			buildConfigurationList = 525B87652CBEEBF500A919EC /* Build configuration list for PBXNativeTarget "PeopleProjectTests" */;
			buildPhases = (
				525B874A2CBEEBF500A919EC /* Sources */,
				525B874B2CBEEBF500A919EC /* Frameworks */,
				525B874C2CBEEBF500A919EC /* Resources */,
			);
			buildRules = (
			);
			dependencies = (
				525B87502CBEEBF500A919EC /* PBXTargetDependency */,
			);
			fileSystemSynchronizedGroups = (
				525B87512CBEEBF500A919EC /* PeopleProjectTests */,
			);
			name = PeopleProjectTests;
			packageProductDependencies = (
			);
			productName = PeopleProjectTests;
			productReference = 525B874E2CBEEBF500A919EC /* PeopleProjectTests.xctest */;
			productType = "com.apple.product-type.bundle.unit-test";
		};
		525B87572CBEEBF500A919EC /* PeopleProjectUITests */ = {
			isa = PBXNativeTarget;
			buildConfigurationList = 525B87682CBEEBF500A919EC /* Build configuration list for PBXNativeTarget "PeopleProjectUITests" */;
			buildPhases = (
				525B87542CBEEBF500A919EC /* Sources */,
				525B87552CBEEBF500A919EC /* Frameworks */,
				525B87562CBEEBF500A919EC /* Resources */,
			);
			buildRules = (
			);
			dependencies = (
				525B875A2CBEEBF500A919EC /* PBXTargetDependency */,
			);
			fileSystemSynchronizedGroups = (
				525B875B2CBEEBF500A919EC /* PeopleProjectUITests */,
			);
			name = PeopleProjectUITests;
			packageProductDependencies = (
			);
			productName = PeopleProjectUITests;
			productReference = 525B87582CBEEBF500A919EC /* PeopleProjectUITests.xctest */;
			productType = "com.apple.product-type.bundle.ui-testing";
		};
/* End PBXNativeTarget section */

/* Begin PBXProject section */
		525B87362CBEEBF200A919EC /* Project object */ = {
			isa = PBXProject;
			attributes = {
				BuildIndependentTargetsInParallel = 1;
				LastSwiftUpdateCheck = 1600;
				LastUpgradeCheck = 1600;
				TargetAttributes = {
					525B873D2CBEEBF200A919EC = {
						CreatedOnToolsVersion = 16.0;
					};
					525B874D2CBEEBF500A919EC = {
						CreatedOnToolsVersion = 16.0;
						TestTargetID = 525B873D2CBEEBF200A919EC;
					};
					525B87572CBEEBF500A919EC = {
						CreatedOnToolsVersion = 16.0;
						TestTargetID = 525B873D2CBEEBF200A919EC;
					};
				};
			};
			buildConfigurationList = 525B87392CBEEBF200A919EC /* Build configuration list for PBXProject "PeopleProject" */;
			developmentRegion = en;
			hasScannedForEncodings = 0;
			knownRegions = (
				en,
				Base,
			);
			mainGroup = 525B87352CBEEBF200A919EC;
			minimizedProjectReferenceProxies = 1;
			preferredProjectObjectVersion = 77;
			productRefGroup = 525B873F2CBEEBF200A919EC /* Products */;
			projectDirPath = "";
			projectRoot = "";
			targets = (
				525B873D2CBEEBF200A919EC /* PeopleProject */,
				525B874D2CBEEBF500A919EC /* PeopleProjectTests */,
				525B87572CBEEBF500A919EC /* PeopleProjectUITests */,
			);
		};
/* End PBXProject section */

/* Begin PBXResourcesBuildPhase section */
		525B873C2CBEEBF200A919EC /* Resources */ = {
			isa = PBXResourcesBuildPhase;
			buildActionMask = 2147483647;
			files = (
			);
			runOnlyForDeploymentPostprocessing = 0;
		};
		525B874C2CBEEBF500A919EC /* Resources */ = {
			isa = PBXResourcesBuildPhase;
			buildActionMask = 2147483647;
			files = (
			);
			runOnlyForDeploymentPostprocessing = 0;
		};
		525B87562CBEEBF500A919EC /* Resources */ = {
			isa = PBXResourcesBuildPhase;
			buildActionMask = 2147483647;
			files = (
			);
			runOnlyForDeploymentPostprocessing = 0;
		};
/* End PBXResourcesBuildPhase section */

/* Begin PBXSourcesBuildPhase section */
		525B873A2CBEEBF200A919EC /* Sources */ = {
			isa = PBXSourcesBuildPhase;
			buildActionMask = 2147483647;
			files = (
			);
			runOnlyForDeploymentPostprocessing = 0;
		};
		525B874A2CBEEBF500A919EC /* Sources */ = {
			isa = PBXSourcesBuildPhase;
			buildActionMask = 2147483647;
			files = (
			);
			runOnlyForDeploymentPostprocessing = 0;
		};
		525B87542CBEEBF500A919EC /* Sources */ = {
			isa = PBXSourcesBuildPhase;
			buildActionMask = 2147483647;
			files = (
			);
			runOnlyForDeploymentPostprocessing = 0;
		};
/* End PBXSourcesBuildPhase section */

/* Begin PBXTargetDependency section */
		525B87502CBEEBF500A919EC /* PBXTargetDependency */ = {
			isa = PBXTargetDependency;
			target = 525B873D2CBEEBF200A919EC /* PeopleProject */;
			targetProxy = 525B874F2CBEEBF500A919EC /* PBXContainerItemProxy */;
		};
		525B875A2CBEEBF500A919EC /* PBXTargetDependency */ = {
			isa = PBXTargetDependency;
			target = 525B873D2CBEEBF200A919EC /* PeopleProject */;
			targetProxy = 525B87592CBEEBF500A919EC /* PBXContainerItemProxy */;
		};
/* End PBXTargetDependency section */

/* Begin XCBuildConfiguration section */
		525B87602CBEEBF500A919EC /* Debug */ = {
			isa = XCBuildConfiguration;
			buildSettings = {
				ALWAYS_SEARCH_USER_PATHS = NO;
				ASSETCATALOG_COMPILER_GENERATE_SWIFT_ASSET_SYMBOL_EXTENSIONS = YES;
				CLANG_ANALYZER_NONNULL = YES;
				CLANG_ANALYZER_NUMBER_OBJECT_CONVERSION = YES_AGGRESSIVE;
				CLANG_CXX_LANGUAGE_STANDARD = "gnu++20";
				CLANG_ENABLE_MODULES = YES;
				CLANG_ENABLE_OBJC_ARC = YES;
				CLANG_ENABLE_OBJC_WEAK = YES;
				CLANG_WARN_BLOCK_CAPTURE_AUTORELEASING = YES;
				CLANG_WARN_BOOL_CONVERSION = YES;
				CLANG_WARN_COMMA = YES;
				CLANG_WARN_CONSTANT_CONVERSION = YES;
				CLANG_WARN_DEPRECATED_OBJC_IMPLEMENTATIONS = YES;
				CLANG_WARN_DIRECT_OBJC_ISA_USAGE = YES_ERROR;
				CLANG_WARN_DOCUMENTATION_COMMENTS = YES;
				CLANG_WARN_EMPTY_BODY = YES;
				CLANG_WARN_ENUM_CONVERSION = YES;
				CLANG_WARN_INFINITE_RECURSION = YES;
				CLANG_WARN_INT_CONVERSION = YES;
				CLANG_WARN_NON_LITERAL_NULL_CONVERSION = YES;
				CLANG_WARN_OBJC_IMPLICIT_RETAIN_SELF = YES;
				CLANG_WARN_OBJC_LITERAL_CONVERSION = YES;
				CLANG_WARN_OBJC_ROOT_CLASS = YES_ERROR;
				CLANG_WARN_QUOTED_INCLUDE_IN_FRAMEWORK_HEADER = YES;
				CLANG_WARN_RANGE_LOOP_ANALYSIS = YES;
				CLANG_WARN_STRICT_PROTOTYPES = YES;
				CLANG_WARN_SUSPICIOUS_MOVE = YES;
				CLANG_WARN_UNGUARDED_AVAILABILITY = YES_AGGRESSIVE;
				CLANG_WARN_UNREACHABLE_CODE = YES;
				CLANG_WARN__DUPLICATE_METHOD_MATCH = YES;
				COPY_PHASE_STRIP = NO;
				DEBUG_INFORMATION_FORMAT = dwarf;
				ENABLE_STRICT_OBJC_MSGSEND = YES;
				ENABLE_TESTABILITY = YES;
				ENABLE_USER_SCRIPT_SANDBOXING = YES;
				GCC_C_LANGUAGE_STANDARD = gnu17;
				GCC_DYNAMIC_NO_PIC = NO;
				GCC_NO_COMMON_BLOCKS = YES;
				GCC_OPTIMIZATION_LEVEL = 0;
				GCC_PREPROCESSOR_DEFINITIONS = (
					"DEBUG=1",
					"$(inherited)",
				);
				GCC_WARN_64_TO_32_BIT_CONVERSION = YES;
				GCC_WARN_ABOUT_RETURN_TYPE = YES_ERROR;
				GCC_WARN_UNDECLARED_SELECTOR = YES;
				GCC_WARN_UNINITIALIZED_AUTOS = YES_AGGRESSIVE;
				GCC_WARN_UNUSED_FUNCTION = YES;
				GCC_WARN_UNUSED_VARIABLE = YES;
				IPHONEOS_DEPLOYMENT_TARGET = 18.0;
				LOCALIZATION_PREFERS_STRING_CATALOGS = YES;
				MTL_ENABLE_DEBUG_INFO = INCLUDE_SOURCE;
				MTL_FAST_MATH = YES;
				ONLY_ACTIVE_ARCH = YES;
				SDKROOT = iphoneos;
				SWIFT_ACTIVE_COMPILATION_CONDITIONS = "DEBUG $(inherited)";
				SWIFT_OPTIMIZATION_LEVEL = "-Onone";
			};
			name = Debug;
		};
		525B87612CBEEBF500A919EC /* Release */ = {
			isa = XCBuildConfiguration;
			buildSettings = {
				ALWAYS_SEARCH_USER_PATHS = NO;
				ASSETCATALOG_COMPILER_GENERATE_SWIFT_ASSET_SYMBOL_EXTENSIONS = YES;
				CLANG_ANALYZER_NONNULL = YES;
				CLANG_ANALYZER_NUMBER_OBJECT_CONVERSION = YES_AGGRESSIVE;
				CLANG_CXX_LANGUAGE_STANDARD = "gnu++20";
				CLANG_ENABLE_MODULES = YES;
				CLANG_ENABLE_OBJC_ARC = YES;
				CLANG_ENABLE_OBJC_WEAK = YES;
				CLANG_WARN_BLOCK_CAPTURE_AUTORELEASING = YES;
				CLANG_WARN_BOOL_CONVERSION = YES;
				CLANG_WARN_COMMA = YES;
				CLANG_WARN_CONSTANT_CONVERSION = YES;
				CLANG_WARN_DEPRECATED_OBJC_IMPLEMENTATIONS = YES;
				CLANG_WARN_DIRECT_OBJC_ISA_USAGE = YES_ERROR;
				CLANG_WARN_DOCUMENTATION_COMMENTS = YES;
				CLANG_WARN_EMPTY_BODY = YES;
				CLANG_WARN_ENUM_CONVERSION = YES;
				CLANG_WARN_INFINITE_RECURSION = YES;
				CLANG_WARN_INT_CONVERSION = YES;
				CLANG_WARN_NON_LITERAL_NULL_CONVERSION = YES;
				CLANG_WARN_OBJC_IMPLICIT_RETAIN_SELF = YES;
				CLANG_WARN_OBJC_LITERAL_CONVERSION = YES;
				CLANG_WARN_OBJC_ROOT_CLASS = YES_ERROR;
				CLANG_WARN_QUOTED_INCLUDE_IN_FRAMEWORK_HEADER = YES;
				CLANG_WARN_RANGE_LOOP_ANALYSIS = YES;
				CLANG_WARN_STRICT_PROTOTYPES = YES;
				CLANG_WARN_SUSPICIOUS_MOVE = YES;
				CLANG_WARN_UNGUARDED_AVAILABILITY = YES_AGGRESSIVE;
				CLANG_WARN_UNREACHABLE_CODE = YES;
				CLANG_WARN__DUPLICATE_METHOD_MATCH = YES;
				COPY_PHASE_STRIP = NO;
				DEBUG_INFORMATION_FORMAT = "dwarf-with-dsym";
				ENABLE_NS_ASSERTIONS = NO;
				ENABLE_STRICT_OBJC_MSGSEND = YES;
				ENABLE_USER_SCRIPT_SANDBOXING = YES;
				GCC_C_LANGUAGE_STANDARD = gnu17;
				GCC_NO_COMMON_BLOCKS = YES;
				GCC_WARN_64_TO_32_BIT_CONVERSION = YES;
				GCC_WARN_ABOUT_RETURN_TYPE = YES_ERROR;
				GCC_WARN_UNDECLARED_SELECTOR = YES;
				GCC_WARN_UNINITIALIZED_AUTOS = YES_AGGRESSIVE;
				GCC_WARN_UNUSED_FUNCTION = YES;
				GCC_WARN_UNUSED_VARIABLE = YES;
				IPHONEOS_DEPLOYMENT_TARGET = 18.0;
				LOCALIZATION_PREFERS_STRING_CATALOGS = YES;
				MTL_ENABLE_DEBUG_INFO = NO;
				MTL_FAST_MATH = YES;
				SDKROOT = iphoneos;
				SWIFT_COMPILATION_MODE = wholemodule;
				VALIDATE_PRODUCT = YES;
			};
			name = Release;
		};
		525B87632CBEEBF500A919EC /* Debug */ = {
			isa = XCBuildConfiguration;
			buildSettings = {
				ASSETCATALOG_COMPILER_APPICON_NAME = AppIcon;
				ASSETCATALOG_COMPILER_GLOBAL_ACCENT_COLOR_NAME = AccentColor;
				CODE_SIGN_STYLE = Automatic;
				CURRENT_PROJECT_VERSION = 1;
				DEVELOPMENT_ASSET_PATHS = "\"PeopleProject/Preview Content\"";
				DEVELOPMENT_TEAM = HN55VQ5D69;
				ENABLE_PREVIEWS = YES;
				GENERATE_INFOPLIST_FILE = YES;
				INFOPLIST_FILE = PeopleProject/Info.plist;
				INFOPLIST_KEY_UIApplicationSceneManifest_Generation = YES;
				INFOPLIST_KEY_UIApplicationSupportsIndirectInputEvents = YES;
				INFOPLIST_KEY_UISupportedInterfaceOrientations_iPad = "UIInterfaceOrientationPortrait UIInterfaceOrientationPortraitUpsideDown UIInterfaceOrientationLandscapeLeft UIInterfaceOrientationLandscapeRight";
				INFOPLIST_KEY_UISupportedInterfaceOrientations_iPhone = "UIInterfaceOrientationPortrait UIInterfaceOrientationLandscapeLeft UIInterfaceOrientationLandscapeRight";
				LD_RUNPATH_SEARCH_PATHS = (
					"$(inherited)",
					"@executable_path/Frameworks",
				);
				MARKETING_VERSION = 1.0;
				PRODUCT_BUNDLE_IDENTIFIER = com.asithappens.PeopleProject;
				PRODUCT_NAME = "$(TARGET_NAME)";
				SWIFT_EMIT_LOC_STRINGS = YES;
				SWIFT_VERSION = 5.0;
				TARGETED_DEVICE_FAMILY = "1,2";
			};
			name = Debug;
		};
		525B87642CBEEBF500A919EC /* Release */ = {
			isa = XCBuildConfiguration;
			buildSettings = {
				ASSETCATALOG_COMPILER_APPICON_NAME = AppIcon;
				ASSETCATALOG_COMPILER_GLOBAL_ACCENT_COLOR_NAME = AccentColor;
				CODE_SIGN_STYLE = Automatic;
				CURRENT_PROJECT_VERSION = 1;
				DEVELOPMENT_ASSET_PATHS = "\"PeopleProject/Preview Content\"";
				DEVELOPMENT_TEAM = HN55VQ5D69;
				ENABLE_PREVIEWS = YES;
				GENERATE_INFOPLIST_FILE = YES;
				INFOPLIST_FILE = PeopleProject/Info.plist;
				INFOPLIST_KEY_UIApplicationSceneManifest_Generation = YES;
				INFOPLIST_KEY_UIApplicationSupportsIndirectInputEvents = YES;
				INFOPLIST_KEY_UISupportedInterfaceOrientations_iPad = "UIInterfaceOrientationPortrait UIInterfaceOrientationPortraitUpsideDown UIInterfaceOrientationLandscapeLeft UIInterfaceOrientationLandscapeRight";
				INFOPLIST_KEY_UISupportedInterfaceOrientations_iPhone = "UIInterfaceOrientationPortrait UIInterfaceOrientationLandscapeLeft UIInterfaceOrientationLandscapeRight";
				LD_RUNPATH_SEARCH_PATHS = (
					"$(inherited)",
					"@executable_path/Frameworks",
				);
				MARKETING_VERSION = 1.0;
				PRODUCT_BUNDLE_IDENTIFIER = com.asithappens.PeopleProject;
				PRODUCT_NAME = "$(TARGET_NAME)";
				SWIFT_EMIT_LOC_STRINGS = YES;
				SWIFT_VERSION = 5.0;
				TARGETED_DEVICE_FAMILY = "1,2";
			};
			name = Release;
		};
		525B87662CBEEBF500A919EC /* Debug */ = {
			isa = XCBuildConfiguration;
			buildSettings = {
				BUNDLE_LOADER = "$(TEST_HOST)";
				CODE_SIGN_STYLE = Automatic;
				CURRENT_PROJECT_VERSION = 1;
				DEVELOPMENT_TEAM = HN55VQ5D69;
				GENERATE_INFOPLIST_FILE = YES;
				IPHONEOS_DEPLOYMENT_TARGET = 18.0;
				MARKETING_VERSION = 1.0;
				PRODUCT_BUNDLE_IDENTIFIER = com.asithappens.PeopleProjectTests;
				PRODUCT_NAME = "$(TARGET_NAME)";
				SWIFT_EMIT_LOC_STRINGS = NO;
				SWIFT_VERSION = 5.0;
				TARGETED_DEVICE_FAMILY = "1,2";
				TEST_HOST = "$(BUILT_PRODUCTS_DIR)/PeopleProject.app/$(BUNDLE_EXECUTABLE_FOLDER_PATH)/PeopleProject";
			};
			name = Debug;
		};
		525B87672CBEEBF500A919EC /* Release */ = {
			isa = XCBuildConfiguration;
			buildSettings = {
				BUNDLE_LOADER = "$(TEST_HOST)";
				CODE_SIGN_STYLE = Automatic;
				CURRENT_PROJECT_VERSION = 1;
				DEVELOPMENT_TEAM = HN55VQ5D69;
				GENERATE_INFOPLIST_FILE = YES;
				IPHONEOS_DEPLOYMENT_TARGET = 18.0;
				MARKETING_VERSION = 1.0;
				PRODUCT_BUNDLE_IDENTIFIER = com.asithappens.PeopleProjectTests;
				PRODUCT_NAME = "$(TARGET_NAME)";
				SWIFT_EMIT_LOC_STRINGS = NO;
				SWIFT_VERSION = 5.0;
				TARGETED_DEVICE_FAMILY = "1,2";
				TEST_HOST = "$(BUILT_PRODUCTS_DIR)/PeopleProject.app/$(BUNDLE_EXECUTABLE_FOLDER_PATH)/PeopleProject";
			};
			name = Release;
		};
		525B87692CBEEBF500A919EC /* Debug */ = {
			isa = XCBuildConfiguration;
			buildSettings = {
				CODE_SIGN_STYLE = Automatic;
				CURRENT_PROJECT_VERSION = 1;
				DEVELOPMENT_TEAM = HN55VQ5D69;
				GENERATE_INFOPLIST_FILE = YES;
				MARKETING_VERSION = 1.0;
				PRODUCT_BUNDLE_IDENTIFIER = com.asithappens.PeopleProjectUITests;
				PRODUCT_NAME = "$(TARGET_NAME)";
				SWIFT_EMIT_LOC_STRINGS = NO;
				SWIFT_VERSION = 5.0;
				TARGETED_DEVICE_FAMILY = "1,2";
				TEST_TARGET_NAME = PeopleProject;
			};
			name = Debug;
		};
		525B876A2CBEEBF500A919EC /* Release */ = {
			isa = XCBuildConfiguration;
			buildSettings = {
				CODE_SIGN_STYLE = Automatic;
				CURRENT_PROJECT_VERSION = 1;
				DEVELOPMENT_TEAM = HN55VQ5D69;
				GENERATE_INFOPLIST_FILE = YES;
				MARKETING_VERSION = 1.0;
				PRODUCT_BUNDLE_IDENTIFIER = com.asithappens.PeopleProjectUITests;
				PRODUCT_NAME = "$(TARGET_NAME)";
				SWIFT_EMIT_LOC_STRINGS = NO;
				SWIFT_VERSION = 5.0;
				TARGETED_DEVICE_FAMILY = "1,2";
				TEST_TARGET_NAME = PeopleProject;
			};
			name = Release;
		};
/* End XCBuildConfiguration section */

/* Begin XCConfigurationList section */
		525B87392CBEEBF200A919EC /* Build configuration list for PBXProject "PeopleProject" */ = {
			isa = XCConfigurationList;
			buildConfigurations = (
				525B87602CBEEBF500A919EC /* Debug */,
				525B87612CBEEBF500A919EC /* Release */,
			);
			defaultConfigurationIsVisible = 0;
			defaultConfigurationName = Release;
		};
		525B87622CBEEBF500A919EC /* Build configuration list for PBXNativeTarget "PeopleProject" */ = {
			isa = XCConfigurationList;
			buildConfigurations = (
				525B87632CBEEBF500A919EC /* Debug */,
				525B87642CBEEBF500A919EC /* Release */,
			);
			defaultConfigurationIsVisible = 0;
			defaultConfigurationName = Release;
		};
		525B87652CBEEBF500A919EC /* Build configuration list for PBXNativeTarget "PeopleProjectTests" */ = {
			isa = XCConfigurationList;
			buildConfigurations = (
				525B87662CBEEBF500A919EC /* Debug */,
				525B87672CBEEBF500A919EC /* Release */,
			);
			defaultConfigurationIsVisible = 0;
			defaultConfigurationName = Release;
		};
		525B87682CBEEBF500A919EC /* Build configuration list for PBXNativeTarget "PeopleProjectUITests" */ = {
			isa = XCConfigurationList;
			buildConfigurations = (
				525B87692CBEEBF500A919EC /* Debug */,
				525B876A2CBEEBF500A919EC /* Release */,
			);
			defaultConfigurationIsVisible = 0;
			defaultConfigurationName = Release;
		};
/* End XCConfigurationList section */
	};
	rootObject = 525B87362CBEEBF200A919EC /* Project object */;
}
